
Microsoft Visual Studio Solution File, Format Version 12.00
# Visual Studio Version 17
VisualStudioVersion = 17.8.34330.188
MinimumVisualStudioVersion = 10.0.40219.1
Project("{FAE04EC0-301F-11D3-BF4B-00C04F79EFBC}") = "LMS_WEBAPI_NETCORE_REACT", "LMS_WEBAPI_NETCORE_REACT\LMS_WEBAPI_NETCORE_REACT.csproj", "{DFDC29AA-3322-4C13-8FD9-B9A36A0881C8}"
EndProject
Project("{2150E333-8FDC-42A3-9474-1A3956D46DE8}") = "Solution Items", "Solution Items", "{B7990180-DF94-4484-B24A-BEB4D47E771A}"
	ProjectSection(SolutionItems) = preProject
		.editorconfig = .editorconfig
	EndProjectSection
EndProject
Global
	GlobalSection(SolutionConfigurationPlatforms) = preSolution
		Debug|Any CPU = Debug|Any CPU
		Release|Any CPU = Release|Any CPU
	EndGlobalSection
	GlobalSection(ProjectConfigurationPlatforms) = postSolution
		{DFDC29AA-3322-4C13-8FD9-B9A36A0881C8}.Debug|Any CPU.ActiveCfg = Debug|Any CPU
		{DFDC29AA-3322-4C13-8FD9-B9A36A0881C8}.Debug|Any CPU.Build.0 = Debug|Any CPU
		{DFDC29AA-3322-4C13-8FD9-B9A36A0881C8}.Release|Any CPU.ActiveCfg = Release|Any CPU
		{DFDC29AA-3322-4C13-8FD9-B9A36A0881C8}.Release|Any CPU.Build.0 = Release|Any CPU
	EndGlobalSection
	GlobalSection(SolutionProperties) = preSolution
		HideSolutionNode = FALSE
	EndGlobalSection
	GlobalSection(ExtensibilityGlobals) = postSolution
		SolutionGuid = {85F5DF76-4CBD-422A-B320-F02878A69313}
	EndGlobalSection
EndGlobal
